Microsoft Visual Studio Solution File, Format Version 12.00
# Visual Studio Version 17
VisualStudioVersion = 17.8.34316.72
MinimumVisualStudioVersion = 10.0.40219.1
Project("{FAE04EC0-301F-11D3-BF4B-00C04F79EFBC}") = "APHI", "APHI\APHI.csproj", "{474246AC-ACDF-453D-9440-FF6DEBC0417F}"
EndProject
Project("{FAE04EC0-301F-11D3-BF4B-00C04F79EFBC}") = "APHI.Tests", "APHI.Tests\APHI.Tests.csproj", "{B8E5F0BD-2A82-4DA4-B3C2-A6EB3458F1DB}"
EndProject
Global
	GlobalSection(SolutionConfigurationPlatforms) = preSolution
		Debug|Any CPU = Debug|Any CPU
		Release|Any CPU = Release|Any CPU
	EndGlobalSection
	GlobalSection(ProjectConfigurationPlatforms) = postSolution
		{474246AC-ACDF-453D-9440-FF6DEBC0417F}.Debug|Any CPU.ActiveCfg = Debug|Any CPU
		{474246AC-ACDF-453D-9440-FF6DEBC0417F}.Debug|Any CPU.Build.0 = Debug|Any CPU
		{474246AC-ACDF-453D-9440-FF6DEBC0417F}.Release|Any CPU.ActiveCfg = Release|Any CPU
		{474246AC-ACDF-453D-9440-FF6DEBC0417F}.Release|Any CPU.Build.0 = Release|Any CPU
		{B8E5F0BD-2A82-4DA4-B3C2-A6EB3458F1DB}.Debug|Any CPU.ActiveCfg = Debug|Any CPU
		{B8E5F0BD-2A82-4DA4-B3C2-A6EB3458F1DB}.Debug|Any CPU.Build.0 = Debug|Any CPU
		{B8E5F0BD-2A82-4DA4-B3C2-A6EB3458F1DB}.Release|Any CPU.ActiveCfg = Release|Any CPU
		{B8E5F0BD-2A82-4DA4-B3C2-A6EB3458F1DB}.Release|Any CPU.Build.0 = Release|Any CPU
	EndGlobalSection
	GlobalSection(SolutionProperties) = preSolution
		HideSolutionNode = FALSE
	EndGlobalSection
	GlobalSection(ExtensibilityGlobals) = postSolution
		SolutionGuid = {6B316F6D-E5BD-4C75-BB22-D46AD51ACF1A}
	EndGlobalSection
EndGlobal
